
Microsoft Visual Studio Solution File, Format Version 12.00
# Visual Studio Version 17
VisualStudioVersion = 17.14.37314.3 d17.14
MinimumVisualStudioVersion = 10.0.40219.1
Project("{FAE04EC0-301F-11D3-BF4B-00C04F79EFBC}") = "Array Fixed-Size Limitation & Performance", "Array Fixed-Size Limitation & Performance\Array Fixed-Size Limitation & Performance.csproj", "{DC231AE8-5436-4126-AE28-65F76822F220}"
EndProject
Global
	GlobalSection(SolutionConfigurationPlatforms) = preSolution
		Debug|Any CPU = Debug|Any CPU
		Release|Any CPU = Release|Any CPU
	EndGlobalSection
	GlobalSection(ProjectConfigurationPlatforms) = postSolution
		{DC231AE8-5436-4126-AE28-65F76822F220}.Debug|Any CPU.ActiveCfg = Debug|Any CPU
		{DC231AE8-5436-4126-AE28-65F76822F220}.Debug|Any CPU.Build.0 = Debug|Any CPU
		{DC231AE8-5436-4126-AE28-65F76822F220}.Release|Any CPU.ActiveCfg = Release|Any CPU
		{DC231AE8-5436-4126-AE28-65F76822F220}.Release|Any CPU.Build.0 = Release|Any CPU
	EndGlobalSection
	GlobalSection(SolutionProperties) = preSolution
		HideSolutionNode = FALSE
	EndGlobalSection
	GlobalSection(ExtensibilityGlobals) = postSolution
		SolutionGuid = {C78F7ADD-7E59-48F6-BF41-7899710D1913}
	EndGlobalSection
EndGlobal
